
Microsoft Visual Studio Solution File, Format Version 12.00
# Visual Studio Version 17
VisualStudioVersion = 17.4.33213.308
MinimumVisualStudioVersion = 10.0.40219.1
Project("{FAE04EC0-301F-11D3-BF4B-00C04F79EFBC}") = "CodingWiki_Web", "CodingWiki_Web\CodingWiki_Web.csproj", "{83587723-4CC6-403E-8C61-1A4D200E3D5E}"
EndProject
Project("{FAE04EC0-301F-11D3-BF4B-00C04F79EFBC}") = "CodingWiki_DataAccess", "CodingWiki_DataAccess\CodingWiki_DataAccess.csproj", "{42A52510-E2AC-4792-890C-DEE3D9D40B7D}"
EndProject
Project("{FAE04EC0-301F-11D3-BF4B-00C04F79EFBC}") = "CodingWiki_Model", "CodingWiki_Model\CodingWiki_Model.csproj", "{A54BCF66-4D82-43E6-973E-668C9661927D}"
EndProject
Project("{FAE04EC0-301F-11D3-BF4B-00C04F79EFBC}") = "CodingWiki_Console", "CodingWiki_Console\CodingWiki_Console.csproj", "{632A7741-CDD1-4C96-9E27-69E514356B13}"
EndProject
Global
	GlobalSection(SolutionConfigurationPlatforms) = preSolution
		Debug|Any CPU = Debug|Any CPU
		Release|Any CPU = Release|Any CPU
	EndGlobalSection
	GlobalSection(ProjectConfigurationPlatforms) = postSolution
		{83587723-4CC6-403E-8C61-1A4D200E3D5E}.Debug|Any CPU.ActiveCfg = Debug|Any CPU
		{83587723-4CC6-403E-8C61-1A4D200E3D5E}.Debug|Any CPU.Build.0 = Debug|Any CPU
		{83587723-4CC6-403E-8C61-1A4D200E3D5E}.Release|Any CPU.ActiveCfg = Release|Any CPU
		{83587723-4CC6-403E-8C61-1A4D200E3D5E}.Release|Any CPU.Build.0 = Release|Any CPU
		{42A52510-E2AC-4792-890C-DEE3D9D40B7D}.Debug|Any CPU.ActiveCfg = Debug|Any CPU
		{42A52510-E2AC-4792-890C-DEE3D9D40B7D}.Debug|Any CPU.Build.0 = Debug|Any CPU
		{42A52510-E2AC-4792-890C-DEE3D9D40B7D}.Release|Any CPU.ActiveCfg = Release|Any CPU
		{42A52510-E2AC-4792-890C-DEE3D9D40B7D}.Release|Any CPU.Build.0 = Release|Any CPU
		{A54BCF66-4D82-43E6-973E-668C9661927D}.Debug|Any CPU.ActiveCfg = Debug|Any CPU
		{A54BCF66-4D82-43E6-973E-668C9661927D}.Debug|Any CPU.Build.0 = Debug|Any CPU
		{A54BCF66-4D82-43E6-973E-668C9661927D}.Release|Any CPU.ActiveCfg = Release|Any CPU
		{A54BCF66-4D82-43E6-973E-668C9661927D}.Release|Any CPU.Build.0 = Release|Any CPU
		{632A7741-CDD1-4C96-9E27-69E514356B13}.Debug|Any CPU.ActiveCfg = Debug|Any CPU
		{632A7741-CDD1-4C96-9E27-69E514356B13}.Debug|Any CPU.Build.0 = Debug|Any CPU
		{632A7741-CDD1-4C96-9E27-69E514356B13}.Release|Any CPU.ActiveCfg = Release|Any CPU
		{632A7741-CDD1-4C96-9E27-69E514356B13}.Release|Any CPU.Build.0 = Release|Any CPU
	EndGlobalSection
	GlobalSection(SolutionProperties) = preSolution
		HideSolutionNode = FALSE
	EndGlobalSection
	GlobalSection(ExtensibilityGlobals) = postSolution
		SolutionGuid = {97FBDD74-F585-4FE3-BF00-A7B6F0EAA084}
	EndGlobalSection
EndGlobal
